
Microsoft Visual Studio Solution File, Format Version 12.00
# Visual Studio 15
VisualStudioVersion = 15.0.26730.3
MinimumVisualStudioVersion = 10.0.40219.1
Project("{9A19103F-16F7-4668-BE54-9A1E7A4F7556}") = "NTCore.Extensions", "NTCore.Extensions\NTCore.Extensions.csproj", "{40671A7C-C27C-46B8-A614-DD9A5AA8D240}"
EndProject
Project("{9A19103F-16F7-4668-BE54-9A1E7A4F7556}") = "NTCore.Web", "NTCore.Web\NTCore.Web.csproj", "{F565720E-6E2F-4C84-8507-4A54E4966F1F}"
EndProject
Project("{9A19103F-16F7-4668-BE54-9A1E7A4F7556}") = "NTCore.DataAccess", "NTCore.DataAccess\NTCore.DataAccess.csproj", "{806CDCB0-D231-408E-9CCE-A0147FB43629}"
EndProject
Project("{9A19103F-16F7-4668-BE54-9A1E7A4F7556}") = "NTCore.DataModel", "NTCore.DataModel\NTCore.DataModel.csproj", "{3ADAA9CA-85B9-4111-87B5-7F2687DB3774}"
EndProject
Project("{9A19103F-16F7-4668-BE54-9A1E7A4F7556}") = "NTCore.Utility", "NTCore.Utility\NTCore.Utility.csproj", "{01469DFE-9B5A-496B-ABA2-7EA9992D01AE}"
EndProject
Project("{9A19103F-16F7-4668-BE54-9A1E7A4F7556}") = "NTCore.Service", "NTCore.Service\NTCore.Service.csproj", "{31095C00-4139-40D5-AF00-EC49EBAB2C8B}"
EndProject
Project("{9A19103F-16F7-4668-BE54-9A1E7A4F7556}") = "NTCore.Domain", "NTCore.Domain\NTCore.Domain.csproj", "{346DD071-0868-460D-928C-16D6FF1306E7}"
EndProject
Project("{2150E333-8FDC-42A3-9474-1A3956D46DE8}") = "Database", "Database", "{3A6ACD52-8E80-4729-9AEC-37444A72E3A6}"
EndProject
Project("{2150E333-8FDC-42A3-9474-1A3956D46DE8}") = "Utility", "Utility", "{6DB75A1C-934B-4596-8E9C-E4B4F84BAD50}"
EndProject
Project("{2150E333-8FDC-42A3-9474-1A3956D46DE8}") = "CQRS", "CQRS", "{29274F05-6BA8-4B9E-BB5C-6823B69D7489}"
EndProject
Project("{9A19103F-16F7-4668-BE54-9A1E7A4F7556}") = "OpenCqrs", "OpenCQRS\OpenCqrs\OpenCqrs.csproj", "{2595B583-AFB2-4EDD-BD20-34F396667239}"
EndProject
Project("{9A19103F-16F7-4668-BE54-9A1E7A4F7556}") = "OpenCqrs.Store.EF", "OpenCQRS\OpenCqrs.Store.EF\OpenCqrs.Store.EF.csproj", "{1701DAC0-106E-41D1-A1E0-BA3532CE8403}"
EndProject
Project("{9A19103F-16F7-4668-BE54-9A1E7A4F7556}") = "OpenCqrs.Store.EF.MySql", "OpenCQRS\OpenCqrs.Store.EF.MySql\OpenCqrs.Store.EF.MySql.csproj", "{F6EC2148-C314-4416-AEC2-877B2DC01F97}"
EndProject
Project("{9A19103F-16F7-4668-BE54-9A1E7A4F7556}") = "OpenCqrs.Store.EF.PostgreSql", "OpenCQRS\OpenCqrs.Store.EF.PostgreSql\OpenCqrs.Store.EF.PostgreSql.csproj", "{D499A17C-C216-4D7C-9743-3B9A9F5AF56D}"
EndProject
Project("{9A19103F-16F7-4668-BE54-9A1E7A4F7556}") = "OpenCqrs.Store.EF.Sqlite", "OpenCQRS\OpenCqrs.Store.EF.Sqlite\OpenCqrs.Store.EF.Sqlite.csproj", "{2100A0EB-458A-4D8F-A944-9DF982A72B61}"
EndProject
Project("{9A19103F-16F7-4668-BE54-9A1E7A4F7556}") = "OpenCqrs.Store.EF.SqlServer", "OpenCQRS\OpenCqrs.Store.EF.SqlServer\OpenCqrs.Store.EF.SqlServer.csproj", "{446AC282-91CC-4632-ABA5-CF1B37F8C5E5}"
EndProject
Global
	GlobalSection(SolutionConfigurationPlatforms) = preSolution
		Debug|Any CPU = Debug|Any CPU
		Release|Any CPU = Release|Any CPU
	EndGlobalSection
	GlobalSection(ProjectConfigurationPlatforms) = postSolution
		{40671A7C-C27C-46B8-A614-DD9A5AA8D240}.Debug|Any CPU.ActiveCfg = Debug|Any CPU
		{40671A7C-C27C-46B8-A614-DD9A5AA8D240}.Debug|Any CPU.Build.0 = Debug|Any CPU
		{40671A7C-C27C-46B8-A614-DD9A5AA8D240}.Release|Any CPU.ActiveCfg = Release|Any CPU
		{40671A7C-C27C-46B8-A614-DD9A5AA8D240}.Release|Any CPU.Build.0 = Release|Any CPU
		{F565720E-6E2F-4C84-8507-4A54E4966F1F}.Debug|Any CPU.ActiveCfg = Debug|Any CPU
		{F565720E-6E2F-4C84-8507-4A54E4966F1F}.Debug|Any CPU.Build.0 = Debug|Any CPU
		{F565720E-6E2F-4C84-8507-4A54E4966F1F}.Release|Any CPU.ActiveCfg = Release|Any CPU
		{F565720E-6E2F-4C84-8507-4A54E4966F1F}.Release|Any CPU.Build.0 = Release|Any CPU
		{806CDCB0-D231-408E-9CCE-A0147FB43629}.Debug|Any CPU.ActiveCfg = Debug|Any CPU
		{806CDCB0-D231-408E-9CCE-A0147FB43629}.Debug|Any CPU.Build.0 = Debug|Any CPU
		{806CDCB0-D231-408E-9CCE-A0147FB43629}.Release|Any CPU.ActiveCfg = Release|Any CPU
		{806CDCB0-D231-408E-9CCE-A0147FB43629}.Release|Any CPU.Build.0 = Release|Any CPU
		{3ADAA9CA-85B9-4111-87B5-7F2687DB3774}.Debug|Any CPU.ActiveCfg = Debug|Any CPU
		{3ADAA9CA-85B9-4111-87B5-7F2687DB3774}.Debug|Any CPU.Build.0 = Debug|Any CPU
		{3ADAA9CA-85B9-4111-87B5-7F2687DB3774}.Release|Any CPU.ActiveCfg = Release|Any CPU
		{3ADAA9CA-85B9-4111-87B5-7F2687DB3774}.Release|Any CPU.Build.0 = Release|Any CPU
		{01469DFE-9B5A-496B-ABA2-7EA9992D01AE}.Debug|Any CPU.ActiveCfg = Debug|Any CPU
		{01469DFE-9B5A-496B-ABA2-7EA9992D01AE}.Debug|Any CPU.Build.0 = Debug|Any CPU
		{01469DFE-9B5A-496B-ABA2-7EA9992D01AE}.Release|Any CPU.ActiveCfg = Release|Any CPU
		{01469DFE-9B5A-496B-ABA2-7EA9992D01AE}.Release|Any CPU.Build.0 = Release|Any CPU
		{31095C00-4139-40D5-AF00-EC49EBAB2C8B}.Debug|Any CPU.ActiveCfg = Debug|Any CPU
		{31095C00-4139-40D5-AF00-EC49EBAB2C8B}.Debug|Any CPU.Build.0 = Debug|Any CPU
		{31095C00-4139-40D5-AF00-EC49EBAB2C8B}.Release|Any CPU.ActiveCfg = Release|Any CPU
		{31095C00-4139-40D5-AF00-EC49EBAB2C8B}.Release|Any CPU.Build.0 = Release|Any CPU
		{346DD071-0868-460D-928C-16D6FF1306E7}.Debug|Any CPU.ActiveCfg = Debug|Any CPU
		{346DD071-0868-460D-928C-16D6FF1306E7}.Debug|Any CPU.Build.0 = Debug|Any CPU
		{346DD071-0868-460D-928C-16D6FF1306E7}.Release|Any CPU.ActiveCfg = Release|Any CPU
		{346DD071-0868-460D-928C-16D6FF1306E7}.Release|Any CPU.Build.0 = Release|Any CPU
		{2595B583-AFB2-4EDD-BD20-34F396667239}.Debug|Any CPU.ActiveCfg = Debug|Any CPU
		{2595B583-AFB2-4EDD-BD20-34F396667239}.Debug|Any CPU.Build.0 = Debug|Any CPU
		{2595B583-AFB2-4EDD-BD20-34F396667239}.Release|Any CPU.ActiveCfg = Release|Any CPU
		{2595B583-AFB2-4EDD-BD20-34F396667239}.Release|Any CPU.Build.0 = Release|Any CPU
		{1701DAC0-106E-41D1-A1E0-BA3532CE8403}.Debug|Any CPU.ActiveCfg = Debug|Any CPU
		{1701DAC0-106E-41D1-A1E0-BA3532CE8403}.Debug|Any CPU.Build.0 = Debug|Any CPU
		{1701DAC0-106E-41D1-A1E0-BA3532CE8403}.Release|Any CPU.ActiveCfg = Release|Any CPU
		{1701DAC0-106E-41D1-A1E0-BA3532CE8403}.Release|Any CPU.Build.0 = Release|Any CPU
		{F6EC2148-C314-4416-AEC2-877B2DC01F97}.Debug|Any CPU.ActiveCfg = Debug|Any CPU
		{F6EC2148-C314-4416-AEC2-877B2DC01F97}.Debug|Any CPU.Build.0 = Debug|Any CPU
		{F6EC2148-C314-4416-AEC2-877B2DC01F97}.Release|Any CPU.ActiveCfg = Release|Any CPU
		{F6EC2148-C314-4416-AEC2-877B2DC01F97}.Release|Any CPU.Build.0 = Release|Any CPU
		{D499A17C-C216-4D7C-9743-3B9A9F5AF56D}.Debug|Any CPU.ActiveCfg = Debug|Any CPU
		{D499A17C-C216-4D7C-9743-3B9A9F5AF56D}.Debug|Any CPU.Build.0 = Debug|Any CPU
		{D499A17C-C216-4D7C-9743-3B9A9F5AF56D}.Release|Any CPU.ActiveCfg = Release|Any CPU
		{D499A17C-C216-4D7C-9743-3B9A9F5AF56D}.Release|Any CPU.Build.0 = Release|Any CPU
		{2100A0EB-458A-4D8F-A944-9DF982A72B61}.Debug|Any CPU.ActiveCfg = Debug|Any CPU
		{2100A0EB-458A-4D8F-A944-9DF982A72B61}.Debug|Any CPU.Build.0 = Debug|Any CPU
		{2100A0EB-458A-4D8F-A944-9DF982A72B61}.Release|Any CPU.ActiveCfg = Release|Any CPU
		{2100A0EB-458A-4D8F-A944-9DF982A72B61}.Release|Any CPU.Build.0 = Release|Any CPU
		{446AC282-91CC-4632-ABA5-CF1B37F8C5E5}.Debug|Any CPU.ActiveCfg = Debug|Any CPU
		{446AC282-91CC-4632-ABA5-CF1B37F8C5E5}.Debug|Any CPU.Build.0 = Debug|Any CPU
		{446AC282-91CC-4632-ABA5-CF1B37F8C5E5}.Release|Any CPU.ActiveCfg = Release|Any CPU
		{446AC282-91CC-4632-ABA5-CF1B37F8C5E5}.Release|Any CPU.Build.0 = Release|Any CPU
	EndGlobalSection
	GlobalSection(SolutionProperties) = preSolution
		HideSolutionNode = FALSE
	EndGlobalSection
	GlobalSection(NestedProjects) = preSolution
		{40671A7C-C27C-46B8-A614-DD9A5AA8D240} = {6DB75A1C-934B-4596-8E9C-E4B4F84BAD50}
		{806CDCB0-D231-408E-9CCE-A0147FB43629} = {3A6ACD52-8E80-4729-9AEC-37444A72E3A6}
		{3ADAA9CA-85B9-4111-87B5-7F2687DB3774} = {3A6ACD52-8E80-4729-9AEC-37444A72E3A6}
		{01469DFE-9B5A-496B-ABA2-7EA9992D01AE} = {6DB75A1C-934B-4596-8E9C-E4B4F84BAD50}
		{2595B583-AFB2-4EDD-BD20-34F396667239} = {29274F05-6BA8-4B9E-BB5C-6823B69D7489}
		{1701DAC0-106E-41D1-A1E0-BA3532CE8403} = {29274F05-6BA8-4B9E-BB5C-6823B69D7489}
		{F6EC2148-C314-4416-AEC2-877B2DC01F97} = {29274F05-6BA8-4B9E-BB5C-6823B69D7489}
		{D499A17C-C216-4D7C-9743-3B9A9F5AF56D} = {29274F05-6BA8-4B9E-BB5C-6823B69D7489}
		{2100A0EB-458A-4D8F-A944-9DF982A72B61} = {29274F05-6BA8-4B9E-BB5C-6823B69D7489}
		{446AC282-91CC-4632-ABA5-CF1B37F8C5E5} = {29274F05-6BA8-4B9E-BB5C-6823B69D7489}
	EndGlobalSection
	GlobalSection(ExtensibilityGlobals) = postSolution
		SolutionGuid = {CD2E62F4-E397-4F52-BAEA-F617C6119E01}
	EndGlobalSection
EndGlobal
